
Microsoft Visual Studio Solution File, Format Version 12.00
# Visual Studio Version 16
VisualStudioVersion = 16.0.32510.428
MinimumVisualStudioVersion = 10.0.40219.1
Project("{FAE04EC0-301F-11D3-BF4B-00C04F79EFBC}") = "Radiation Field Size Analysis", "Radiation Field Size Analysis.csproj", "{473F4EC3-FCFE-473F-8D79-75E82E214146}"
EndProject
Global
	GlobalSection(SolutionConfigurationPlatforms) = preSolution
		Debug|Any CPU = Debug|Any CPU
		Release|Any CPU = Release|Any CPU
	EndGlobalSection
	GlobalSection(ProjectConfigurationPlatforms) = postSolution
		{473F4EC3-FCFE-473F-8D79-75E82E214146}.Debug|Any CPU.ActiveCfg = Debug|Any CPU
		{473F4EC3-FCFE-473F-8D79-75E82E214146}.Debug|Any CPU.Build.0 = Debug|Any CPU
		{473F4EC3-FCFE-473F-8D79-75E82E214146}.Release|Any CPU.ActiveCfg = Release|Any CPU
		{473F4EC3-FCFE-473F-8D79-75E82E214146}.Release|Any CPU.Build.0 = Release|Any CPU
	EndGlobalSection
	GlobalSection(SolutionProperties) = preSolution
		HideSolutionNode = FALSE
	EndGlobalSection
	GlobalSection(ExtensibilityGlobals) = postSolution
		SolutionGuid = {B2115B98-D7B4-4C18-8D95-67946148A5E1}
	EndGlobalSection
EndGlobal
